
Microsoft Visual Studio Solution File, Format Version 12.00
# Visual Studio Version 16
VisualStudioVersion = 16.0.31129.286
MinimumVisualStudioVersion = 10.0.40219.1
Project("{FAE04EC0-301F-11D3-BF4B-00C04F79EFBC}") = "CSSLayout1", "CSSLayout1\CSSLayout1.csproj", "{D1BA29BE-F071-47A9-8309-BEAE4A6BA531}"
EndProject
Global
	GlobalSection(SolutionConfigurationPlatforms) = preSolution
		Debug|Any CPU = Debug|Any CPU
		Release|Any CPU = Release|Any CPU
	EndGlobalSection
	GlobalSection(ProjectConfigurationPlatforms) = postSolution
		{D1BA29BE-F071-47A9-8309-BEAE4A6BA531}.Debug|Any CPU.ActiveCfg = Debug|Any CPU
		{D1BA29BE-F071-47A9-8309-BEAE4A6BA531}.Debug|Any CPU.Build.0 = Debug|Any CPU
		{D1BA29BE-F071-47A9-8309-BEAE4A6BA531}.Release|Any CPU.ActiveCfg = Release|Any CPU
		{D1BA29BE-F071-47A9-8309-BEAE4A6BA531}.Release|Any CPU.Build.0 = Release|Any CPU
	EndGlobalSection
	GlobalSection(SolutionProperties) = preSolution
		HideSolutionNode = FALSE
	EndGlobalSection
	GlobalSection(ExtensibilityGlobals) = postSolution
		SolutionGuid = {1B9B2B62-6683-4426-9069-070306C1196D}
	EndGlobalSection
EndGlobal
